
Microsoft Visual Studio Solution File, Format Version 12.00
# Visual Studio Version 16
VisualStudioVersion = 16.0.29324.140
MinimumVisualStudioVersion = 10.0.40219.1
Project("{FAE04EC0-301F-11D3-BF4B-00C04F79EFBC}") = "GitDemoCommandLine", "GitDemoCommandLine\GitDemoCommandLine.csproj", "{742893F7-021B-4B21-B878-410FC4959765}"
EndProject
Global
	GlobalSection(SolutionConfigurationPlatforms) = preSolution
		Debug|Any CPU = Debug|Any CPU
		Release|Any CPU = Release|Any CPU
	EndGlobalSection
	GlobalSection(ProjectConfigurationPlatforms) = postSolution
		{742893F7-021B-4B21-B878-410FC4959765}.Debug|Any CPU.ActiveCfg = Debug|Any CPU
		{742893F7-021B-4B21-B878-410FC4959765}.Debug|Any CPU.Build.0 = Debug|Any CPU
		{742893F7-021B-4B21-B878-410FC4959765}.Release|Any CPU.ActiveCfg = Release|Any CPU
		{742893F7-021B-4B21-B878-410FC4959765}.Release|Any CPU.Build.0 = Release|Any CPU
	EndGlobalSection
	GlobalSection(SolutionProperties) = preSolution
		HideSolutionNode = FALSE
	EndGlobalSection
	GlobalSection(ExtensibilityGlobals) = postSolution
		SolutionGuid = {B35D1D4D-8551-49B9-97D0-36BBB2FA6896}
	EndGlobalSection
EndGlobal
